
Microsoft Visual Studio Solution File, Format Version 12.00
# Visual Studio Version 17
VisualStudioVersion = 17.8.34511.84
MinimumVisualStudioVersion = 10.0.40219.1
Project("{FAE04EC0-301F-11D3-BF4B-00C04F79EFBC}") = "WindowsFormsApp1", "WindowsFormsApp1\WindowsFormsApp1.csproj", "{4AEE69DA-C4D4-4B61-84B5-C7BF4E8A0C15}"
EndProject
Global
	GlobalSection(SolutionConfigurationPlatforms) = preSolution
		Debug|Any CPU = Debug|Any CPU
		Release|Any CPU = Release|Any CPU
	EndGlobalSection
	GlobalSection(ProjectConfigurationPlatforms) = postSolution
		{4AEE69DA-C4D4-4B61-84B5-C7BF4E8A0C15}.Debug|Any CPU.ActiveCfg = Debug|Any CPU
		{4AEE69DA-C4D4-4B61-84B5-C7BF4E8A0C15}.Debug|Any CPU.Build.0 = Debug|Any CPU
		{4AEE69DA-C4D4-4B61-84B5-C7BF4E8A0C15}.Release|Any CPU.ActiveCfg = Release|Any CPU
		{4AEE69DA-C4D4-4B61-84B5-C7BF4E8A0C15}.Release|Any CPU.Build.0 = Release|Any CPU
	EndGlobalSection
	GlobalSection(SolutionProperties) = preSolution
		HideSolutionNode = FALSE
	EndGlobalSection
	GlobalSection(ExtensibilityGlobals) = postSolution
		SolutionGuid = {D90D0661-B776-49D7-AFB9-6F6BE6911DC8}
	EndGlobalSection
EndGlobal
